{
  "name": "bobril",
  "version": "1.0.0",
  "lockfileVersion": 1,
  "requires": true,
  "dependencies": {
    "@types/bootstrap": {
      "version": "3.3.39",
      "resolved": "https://registry.npmjs.org/@types/bootstrap/-/bootstrap-3.3.39.tgz",
      "integrity": "sha512-UGvzSQFkv0Oh2vjj30AfZructi7XvY0aRa1Y/vrgFq+tfrTMxtqQ9+s5liCYLJnrISc9LinEtOY5N8Ibrhj2Tg==",
      "requires": {
        "@types/jquery": "3.3.10"
      }
    },
    "@types/jquery": {
      "version": "3.3.10",
      "resolved": "https://registry.npmjs.org/@types/jquery/-/jquery-3.3.10.tgz",
      "integrity": "sha512-W2bE8pGh9Tsg8mxh+B6BSH8lTG6ZV7K2ZMAlEwSTqKFU1wMI5HShyRKSp3DngnxCmDu35tW3RAC4mxBFYRsTuw=="
    },
    "bobril": {
      "version": "8.15.0",
      "resolved": "https://registry.npmjs.org/bobril/-/bobril-8.15.0.tgz",
      "integrity": "sha512-6JbZjS3It1PYQpAW5Mra7txYf9E5GnBoUCv86P5IhWtt8laJlNwDkfI76LUmILZqdnTWSY+megFWkaKXKZCa/A=="
    },
    "bobrilstrap": {
      "version": "3.0.1",
      "resolved": "https://registry.npmjs.org/bobrilstrap/-/bobrilstrap-3.0.1.tgz",
      "integrity": "sha512-DWL3kYkL83sHIk0E/JXJo3NlCmH/UIXYFJ2XdAbmyf2Tp6UHkHZ+SNB2V+edzJtnA8VIsShl3+HqS8j9vRs8VQ==",
      "requires": {
        "@types/bootstrap": "3.3.39",
        "@types/jquery": "3.3.10",
        "bobril": "8.15.0",
        "bootstrap": "3.3.7",
        "bootstrap-3-typeahead": "4.0.2",
        "jquery": "3.3.1"
      }
    },
    "bobx": {
      "version": "0.19.0",
      "resolved": "https://registry.npmjs.org/bobx/-/bobx-0.19.0.tgz",
      "integrity": "sha512-QjohB0S0mJ+ByJuaD41tyYUKIWynR2XsM0hHV+AaErScNy4g3PUNWafw6tOk+yZ1s6Fz5Wrr6gfL/xW485RqJw==",
      "requires": {
        "bobril": "8.15.0"
      },
      "dependencies": {
        "bobril": {
          "version": "8.15.0",
          "resolved": "https://registry.npmjs.org/bobril/-/bobril-8.15.0.tgz",
          "integrity": "sha512-6JbZjS3It1PYQpAW5Mra7txYf9E5GnBoUCv86P5IhWtt8laJlNwDkfI76LUmILZqdnTWSY+megFWkaKXKZCa/A=="
        }
      }
    },
    "bootstrap": {
      "version": "3.3.7",
      "resolved": "https://registry.npmjs.org/bootstrap/-/bootstrap-3.3.7.tgz",
      "integrity": "sha1-WjiTlFSfIzMIdaOxUGVldPip63E="
    },
    "bootstrap-3-typeahead": {
      "version": "4.0.2",
      "resolved": "https://registry.npmjs.org/bootstrap-3-typeahead/-/bootstrap-3-typeahead-4.0.2.tgz",
      "integrity": "sha1-yxyWkESFaGIJb8jHHMIbOsu1BBI="
    },
    "jquery": {
      "version": "3.3.1",
      "resolved": "https://registry.npmjs.org/jquery/-/jquery-3.3.1.tgz",
      "integrity": "sha512-Ubldcmxp5np52/ENotGxlLe6aGMvmF4R8S6tZjsP6Knsaxd/xp3Zrh50cG93lR6nPXyUFwzN3ZSOQI0wRJNdGg=="
    }
  }
}
